github.com/BurntSushi/toml v0.0.0-20170626110600-a368813c5e64 h1:BuYewlQyh/jroxY8qx41SrzD8Go17GkyCyAeVmprvQI=
github.com/BurntSushi/toml v0.0.0-20170626110600-a368813c5e64/go.mod h1:xHWCNGjB5oqiDr8zfno3MHue2Ht5sIBksp03qcyfWMU=
github.com/BurntSushi/toml v0.3.1 h1:WXkYYl6Yr3qBf1K79EBnL4mak0OimBfB0XUf9Vl28OQ=
github.com/BurntSushi/toml v0.3.1/go.mod h1:xHWCNGjB5oqiDr8zfno3MHue2Ht5sIBksp03qcyfWMU=
github.com/currantlabs/ble v0.0.0-20170630000959-54a939021a27 h1:YaqLdAHTHcCX9qcLh8ld84ijnhgdmA2Upjjh1if4brI=
github.com/currantlabs/ble v0.0.0-20170630000959-54a939021a27/go.mod h1:MGpIf7cfnYPFaMIcD8LoSgCr8Jsa4rUcV5Nb9temsYw=
github.com/currantlabs/ble v0.0.0-20171229162446-c1d21c164cf8 h1:eo7L0zxxFowLpF4FNlLijrAMVNlq9h8sicNwMfzauM8=
github.com/currantlabs/ble v0.0.0-20171229162446-c1d21c164cf8/go.mod h1:MGpIf7cfnYPFaMIcD8LoSgCr8Jsa4rUcV5Nb9temsYw=
github.com/davecgh/go-spew v1.1.0 h1:ZDRjVQ15GmhC3fiQ8ni8+OwkZQO4DARzQgrnXU1Liz8=
github.com/davecgh/go-spew v1.1.0/go.mod h1:J7Y8YcW2NihsgmVo/mv3lAwl/skON4iLHjSsI+c5H38=
github.com/davecgh/go-spew v1.1.1/go.mod h1:J7Y8YcW2NihsgmVo/mv3lAwl/skON4iLHjSsI+c5H38=
github.com/gocarina/gocsv v0.0.0-20170511160845-911e4d95f88f h1:gyBw2fEyH3sFvUkOKs24sEEPcfT01Tzlcqge+Ygta3o=
github.com/gocarina/gocsv v0.0.0-20170511160845-911e4d95f88f/go.mod h1:/oj50ZdPq/cUjA02lMZhijk5kR31SEydKyqah1OgBuo=
github.com/gocarina/gocsv v0.0.0-20190426105157-2fc85fcf0c07 h1:mvnNJcQD5GlZJNF3vMqnSbdzu51UVszEH5/sb2WT1b0=
github.com/gocarina/gocsv v0.0.0-20190426105157-2fc85fcf0c07/go.mod h1:/oj50ZdPq/cUjA02lMZhijk5kR31SEydKyqah1OgBuo=
github.com/mattn/go-colorable v0.0.8 h1:KatiXbcoFpoKmM5pL0yhug+tx/POfZO+0aVsuGhUhgo=
github.com/mattn/go-colorable v0.0.8/go.mod h1:9vuHe8Xs5qXnSaW/c/ABM9alt+Vo+STaOChaDxuIBZU=
github.com/mattn/go-colorable v0.1.2 h1:/bC9yWikZXAL9uJdulbSfyVNIR3n3trXl+v8+1sx8mU=
github.com/mattn/go-colorable v0.1.2/go.mod h1:U0ppj6V5qS13XJ6of8GYAs25YV2eR4EVcfRqFIhoBtE=
github.com/mattn/go-isatty v0.0.2 h1:F+DnWktyadxnOrohKLNUC9/GjFii5RJgY4GFG6ilggw=
github.com/mattn/go-isatty v0.0.2/go.mod h1:M+lRXTBqGeGNdLjl/ufCoiOlB5xdOkqRJdNxMWT7Zi4=
github.com/mattn/go-isatty v0.0.8 h1:HLtExJ+uU2HOZ+wI0Tt5DtUDrx8yhUqDcp7fYERX4CE=
github.com/mattn/go-isatty v0.0.8/go.mod h1:Iq45c/XA43vh69/j3iqttzPXn0bhXyGjM0Hdxcsrc5s=
github.com/mgutz/ansi v0.0.0-20170206155736-9520e82c474b h1:j7+1HpAFS1zy5+Q4qx1fWh90gTKwiN4QCGoY9TWyyO4=
github.com/mgutz/ansi v0.0.0-20170206155736-9520e82c474b/go.mod h1:01TrycV0kFyexm33Z7vhZRXopbI8J3TDReVlkTgMUxE=
github.com/mgutz/logxi v0.0.0-20161027140823-aebf8a7d67ab h1:n8cgpHzJ5+EDyDri2s/GC7a9+qK3/YEGnBsd0uS/8PY=
github.com/mgutz/logxi v0.0.0-20161027140823-aebf8a7d67ab/go.mod h1:y1pL58r5z2VvAjeG1VLGc8zOQgSOzbKN7kMHPvFXJ+8=
github.com/pkg/errors v0.0.0-20170505043639-c605e284fe17 h1:chPfVn+gpAM5CTpTyVU9j8J+xgRGwmoDlNDLjKnJiYo=
github.com/pkg/errors v0.0.0-20170505043639-c605e284fe17/go.mod h1:bwawxfHBFNV+L2hUp1rHADufV3IMtnDRdf1r5NINEl0=
github.com/pkg/errors v0.8.1 h1:iURUrRGxPUNPdy5/HRSm+Yj6okJ6UtLINN0Q9M4+h3I=
github.com/pkg/errors v0.8.1/go.mod h1:bwawxfHBFNV+L2hUp1rHADufV3IMtnDRdf1r5NINEl0=
github.com/pmezard/go-difflib v1.0.0 h1:4DBwDE0NGyQoBHbLQYPwSUPoCMWR5BEzIk/f1lZbAQM=
github.com/pmezard/go-difflib v1.0.0/go.mod h1:iKH77koFhYxTK1pcRnkKkqfTogsbg7gZNVY4sRDYZ/4=
github.com/raff/goble v0.0.0-20170329193144-f6ecf99ef037 h1:MpiYQxrA8IXgrtj6NeNL2XeHDUicxlEbnEPuAgrzZ78=
github.com/raff/goble v0.0.0-20170329193144-f6ecf99ef037/go.mod h1:CxaUhijgLFX0AROtH5mluSY71VqpjQBw9JXE2UKZmc4=
github.com/raff/goble v0.0.0-20190228063054-5a206277e735 h1:WKECdCsf5PdEWFXb83vOY6SxKspZR4v7nhDObhiHdhQ=
github.com/raff/goble v0.0.0-20190228063054-5a206277e735/go.mod h1:CxaUhijgLFX0AROtH5mluSY71VqpjQBw9JXE2UKZmc4=
github.com/stretchr/objx v0.1.0/go.mod h1:HFkY916IF+rwdDfMAkV7OtwuqBVzrE8GR6GFx+wExME=
github.com/stretchr/objx v0.2.0/go.mod h1:qt09Ya8vawLte6SNmTgCsAVtYtaKzEcn8ATUoHMkEqE=
github.com/stretchr/testify v1.3.0 h1:TivCn/peBQ7UY8ooIcPgZFpTNSz0Q2U6UrFlUfqbe0Q=
github.com/stretchr/testify v1.3.0/go.mod h1:M5WIy9Dh21IEIfnGCwXGc5bZfKNJtfHm1UVUgZn+9EI=
golang.org/x/crypto v0.0.0-20190308221718-c2843e01d9a2/go.mod h1:djNgcEr1/C05ACkg1iLfiJU5Ep61QUkGW8qpdssI0+w=
golang.org/x/crypto v0.0.0-20190611184440-5c40567a22f8/go.mod h1:yigFU9vqHzYiE8UmvKecakEJjdnWj3jj499lnFckfCI=
golang.org/x/net v0.0.0-20170706005753-054b33e65271 h1:8ECcRAzYnfxd0YT5WQHQe7wS1UmqkK7zdKQ7S/qEyaE=
golang.org/x/net v0.0.0-20170706005753-054b33e65271/go.mod h1:mL1N/T3taQHkDXs73rZJwtUhF3w3ftmwwsq0BUmARs4=
golang.org/x/net v0.0.0-20190311183353-d8887717615a/go.mod h1:t9HGtf8HONx5eT2rtn7q6eTqICYqUVnKs3thJo3Qplg=
golang.org/x/net v0.0.0-20190404232315-eb5bcb51f2a3/go.mod h1:t9HGtf8HONx5eT2rtn7q6eTqICYqUVnKs3thJo3Qplg=
golang.org/x/net v0.0.0-20190611141213-3f473d35a33a h1:+KkCgOMgnKSgenxTBoiwkMqTiouMIy/3o8RLdmSbGoY=
golang.org/x/net v0.0.0-20190611141213-3f473d35a33a/go.mod h1:z5CRVTTTmAJ677TzLLGU+0bjPO0LkuOLi4/5GtJWs/s=
golang.org/x/sync v0.0.0-20190423024810-112230192c58/go.mod h1:RxMgew5VJxzue5/jJTE5uejpjVlOe/izrB70Jof72aM=
golang.org/x/sys v0.0.0-20170707161408-739734461d1c h1:YOnjllXDFHcwgCGu1I22mUErfVk1Yv1tYqWP/8n9Efs=
golang.org/x/sys v0.0.0-20170707161408-739734461d1c/go.mod h1:STP8DvDyc/dI5b8T5hshtkjS+E42TnysNCUPdjciGhY=
golang.org/x/sys v0.0.0-20190215142949-d0b11bdaac8a/go.mod h1:STP8DvDyc/dI5b8T5hshtkjS+E42TnysNCUPdjciGhY=
golang.org/x/sys v0.0.0-20190222072716-a9d3bda3a223/go.mod h1:STP8DvDyc/dI5b8T5hshtkjS+E42TnysNCUPdjciGhY=
golang.org/x/sys v0.0.0-20190412213103-97732733099d/go.mod h1:h1NjWce9XRLGQEsW7wpKNCjG9DtNlClVuFLEZdDNbEs=
golang.org/x/sys v0.0.0-20190610200419-93c9922d18ae h1:xiXzMMEQdQcric9hXtr1QU98MHunKK7OTtsoU6bYWs4=
golang.org/x/sys v0.0.0-20190610200419-93c9922d18ae/go.mod h1:h1NjWce9XRLGQEsW7wpKNCjG9DtNlClVuFLEZdDNbEs=
golang.org/x/text v0.3.0/go.mod h1:NqM8EUOU14njkJ3fqMW+pc6Ldnwhi/IjpwHt7yyuwOQ=
golang.org/x/text v0.3.2/go.mod h1:bEr9sfX3Q8Zfm5fL9x+3itogRgK3+ptLWKqgva+5dAk=
golang.org/x/tools v0.0.0-20180917221912-90fa682c2a6e/go.mod h1:n7NCudcB/nEzxVGmLbDWY5pfWTLqBcC2KZ6jyYvM4mQ=
golang.org/x/tools v0.0.0-20190612232758-d4e310b4a8a5/go.mod h1:/rFqwRUd4F7ZHNgwSSTFct+R/Kf4OFW1sUzUTQQTgfc=
